{
    "_meta": {
        "hash": {
            "sha256": "53cbff35efae336f889dc3748d1845001f1de8d42a684996eb849ebe6680b343"
        },
        "pipfile-spec": 6,
        "requires": {
            "python_version": "3.8"
        },
        "sources": [
            {
                "name": "pypi",
                "url": "https://pypi.org/simple",
                "verify_ssl": true
            }
        ]
    },
    "default": {
        "peewee": {
            "hashes": [
                "sha256:1269a9736865512bd4056298003aab190957afe07d2616cf22eaf56cb6398369"
            ],
            "index": "pypi",
            "version": "==3.13.3"
        },
        "python-http-client": {
            "hashes": [
                "sha256:93d6a26b426e48b04e589c1f103e7c040193e4ccc379ea50cd6e12f94cca7c69"
            ],
            "markers": "python_version >= '2.7' and python_version not in '3.0, 3.1, 3.2, 3.3'",
            "version": "==3.2.7"
        },
        "sendgrid": {
            "hashes": [
                "sha256:38c0853494c7bfbef64f33934c25bf98bb7648cf0e66a0cfb22410927e4ef4c7",
                "sha256:838e1f7b0f84d56714be6a18ef66fbcf8fba0bda782eee35c47c04d7a16efde8"
            ],
            "index": "pypi",
            "version": "==6.3.1"
        }
    },
    "develop": {}
}
